
Microsoft Visual Studio Solution File, Format Version 12.00
# Visual Studio 2013
VisualStudioVersion = 12.0.30626.0
MinimumVisualStudioVersion = 10.0.40219.1
Project("{FAE04EC0-301F-11D3-BF4B-00C04F79EFBC}") = "AnyI2C", "AnyI2C\AnyI2C.csproj", "{50179CEA-902D-4086-8867-0819CEC74C8B}"
EndProject
Project("{FAE04EC0-301F-11D3-BF4B-00C04F79EFBC}") = "AnyI2cLib", "AnyI2cLib\AnyI2cLib.csproj", "{7C11D238-8414-4723-85B3-5A02757DC26F}"
EndProject
Project("{FAE04EC0-301F-11D3-BF4B-00C04F79EFBC}") = "PluginDemo", "PluginDemo\PluginDemo.csproj", "{2A4718C7-60F0-4D61-B68F-C8BB2D7C615E}"
EndProject
Project("{2150E333-8FDC-42A3-9474-1A3956D46DE8}") = "PlugIns", "PlugIns", "{31ADFBD3-294A-4371-9F52-5A8D25B16637}"
EndProject
Project("{FAE04EC0-301F-11D3-BF4B-00C04F79EFBC}") = "I2CDIO8", "Plugins\I2CDIO8\I2CDIO8.csproj", "{42A1DFDA-85F5-46B1-A3AD-F58012BD4D34}"
EndProject
Project("{2150E333-8FDC-42A3-9474-1A3956D46DE8}") = "MCP23008", "MCP23008", "{CB9F3E73-1815-4223-8BDE-B952961F466F}"
EndProject
Project("{FAE04EC0-301F-11D3-BF4B-00C04F79EFBC}") = "I2CIO6R2", "Plugins\MCP23008\I2CIO6R2G5V1\I2CIO6R2.csproj", "{37B39608-C049-4EFC-8014-1C92BD6A3BE5}"
EndProject
Project("{FAE04EC0-301F-11D3-BF4B-00C04F79EFBC}") = "I2CIO7R1", "Plugins\MCP23008\I2CIO7R1G5V1\I2CIO7R1.csproj", "{87A1CA31-3EFA-469D-BF0E-9D21AB3953D5}"
EndProject
Project("{FAE04EC0-301F-11D3-BF4B-00C04F79EFBC}") = "I2CIO4R4", "Plugins\MCP23008\I2CIO4R4x0\I2CIO4R4.csproj", "{F4F89BDA-BB03-457F-B247-28CE9EC21E6B}"
EndProject
Project("{2150E333-8FDC-42A3-9474-1A3956D46DE8}") = "MCP23017", "MCP23017", "{2750859F-C5BB-4FC8-AF66-E60DB7E0C68D}"
EndProject
Project("{FAE04EC0-301F-11D3-BF4B-00C04F79EFBC}") = "I2CR16G5LE", "Plugins\MCP23017\I2CR16G5LE\I2CR16G5LE.csproj", "{EB695406-F52F-4A63-9E30-07D29D67F971}"
EndProject
Project("{2150E333-8FDC-42A3-9474-1A3956D46DE8}") = "AD5254", "AD5254", "{44507C95-8A3C-4A26-8293-FE42DB1C0BA4}"
EndProject
Project("{2150E333-8FDC-42A3-9474-1A3956D46DE8}") = "AD5252", "AD5252", "{9A9A0ED8-BEBA-46E2-BA3D-40DEB83549C6}"
EndProject
Project("{FAE04EC0-301F-11D3-BF4B-00C04F79EFBC}") = "I2CPOT", "Plugins\AD5254\I2CPOT\I2CPOT.csproj", "{17F7E2F8-A4D7-4897-8EEF-2727D23B07CB}"
EndProject
Project("{FAE04EC0-301F-11D3-BF4B-00C04F79EFBC}") = "I2CPOT", "Plugins\AD5252\I2CPOT\I2CPOT.csproj", "{1A5BE7C9-184B-4517-A1AB-4685109125C1}"
EndProject
Project("{2150E333-8FDC-42A3-9474-1A3956D46DE8}") = "AD5259", "AD5259", "{8A3364E8-AB4C-4857-AB3D-C11D4AE6CC1E}"
EndProject
Project("{FAE04EC0-301F-11D3-BF4B-00C04F79EFBC}") = "I2CPOT", "Plugins\AD5259\I2CPOT\I2CPOT.csproj", "{A87F8F31-4583-4A3F-8F25-168FD09A5356}"
EndProject
Project("{2150E333-8FDC-42A3-9474-1A3956D46DE8}") = "AD5696", "AD5696", "{C7214148-48DE-4160-A338-916A0EE29152}"
EndProject
Project("{2150E333-8FDC-42A3-9474-1A3956D46DE8}") = "AD5241", "AD5241", "{662D6032-DF51-449A-9AFF-25F8A61DB4F4}"
EndProject
Project("{FAE04EC0-301F-11D3-BF4B-00C04F79EFBC}") = "I2CPOT", "Plugins\AD5241\I2CPOT\I2CPOT.csproj", "{69DB90CF-7BDB-4520-BEB3-294D57270A12}"
EndProject
Project("{FAE04EC0-301F-11D3-BF4B-00C04F79EFBC}") = "I2CDAC", "Plugins\AD5696\I2CDAC\I2CDAC.csproj", "{D539FE82-82DD-4C9F-A04D-501B5B50B63B}"
EndProject
Project("{2150E333-8FDC-42A3-9474-1A3956D46DE8}") = "ADS7828", "ADS7828", "{5605B0A7-BAC8-4C94-9BB4-763045F777BD}"
EndProject
Project("{FAE04EC0-301F-11D3-BF4B-00C04F79EFBC}") = "I2CAD8", "Plugins\ADS7828\I2CAD8.csproj", "{575FDE88-7573-4C4E-850D-BA69C6905A3C}"
EndProject
Project("{2150E333-8FDC-42A3-9474-1A3956D46DE8}") = "AD5693", "AD5693", "{BDA644FE-BF81-4ACC-821D-8BE09B1D2149}"
EndProject
Project("{FAE04EC0-301F-11D3-BF4B-00C04F79EFBC}") = "I2CDAC", "Plugins\AD5693\I2CDAC\I2CDAC.csproj", "{3EC6A527-2455-452C-8D0F-E1D206878D7E}"
EndProject
Project("{2150E333-8FDC-42A3-9474-1A3956D46DE8}") = "MCP3426", "MCP3426", "{98AC223C-A783-4D57-946F-1061AA860A59}"
EndProject
Project("{FAE04EC0-301F-11D3-BF4B-00C04F79EFBC}") = "I2CADC", "Plugins\MCP3426\I2CADC\I2CADC.csproj", "{115BFB29-AA26-4033-93AD-D65294F5A555}"
EndProject
Project("{2150E333-8FDC-42A3-9474-1A3956D46DE8}") = "AD7999", "AD7999", "{A401B5D2-EB9E-4295-B765-A017C5FF3166}"
EndProject
Project("{FAE04EC0-301F-11D3-BF4B-00C04F79EFBC}") = "I2CADC", "Plugins\AD7999\I2CADC\I2CADC.csproj", "{8E690221-EE8C-431B-9BAF-1AA64A422205}"
EndProject
Project("{2150E333-8FDC-42A3-9474-1A3956D46DE8}") = "ADC081C", "ADC081C", "{7755FC9E-BF60-4F42-AA3A-888E28932D8C}"
EndProject
Project("{FAE04EC0-301F-11D3-BF4B-00C04F79EFBC}") = "I2CADC", "Plugins\ADC081C\I2CADC\I2CADC.csproj", "{0F023965-B797-4278-8AC0-114434C995AC}"
EndProject
Project("{2150E333-8FDC-42A3-9474-1A3956D46DE8}") = "AT30TS74", "AT30TS74", "{7107D410-2FC6-4652-BE37-27DF2659BB48}"
EndProject
Project("{FAE04EC0-301F-11D3-BF4B-00C04F79EFBC}") = "I2CS", "Plugins\AT30TS74\I2CS\I2CS.csproj", "{73A1E014-9C0D-42C2-862F-CEBEE304A236}"
EndProject
Project("{2150E333-8FDC-42A3-9474-1A3956D46DE8}") = "AD5667", "AD5667", "{8851944E-57E7-4A0F-B585-3EE68B865D4A}"
EndProject
Project("{FAE04EC0-301F-11D3-BF4B-00C04F79EFBC}") = "I2CDAC", "Plugins\AD5667\I2CDAC\I2CDAC.csproj", "{22656A85-5F13-43E9-8A61-2AC57E610D26}"
EndProject
Project("{2150E333-8FDC-42A3-9474-1A3956D46DE8}") = "CHIPCAP2", "CHIPCAP2", "{4883C862-1BBA-488A-AA44-EB27198568E2}"
EndProject
Project("{FAE04EC0-301F-11D3-BF4B-00C04F79EFBC}") = "I2CS", "Plugins\CHIPCAP2\I2CS\I2CS.csproj", "{5C3FEA58-3A1E-453C-BA0B-1E0407555802}"
EndProject
Project("{2150E333-8FDC-42A3-9474-1A3956D46DE8}") = "HIH7130", "HIH7130", "{61DA3101-4982-4797-B316-AA0AF5E20DF4}"
EndProject
Project("{FAE04EC0-301F-11D3-BF4B-00C04F79EFBC}") = "I2CS", "Plugins\HIH7130\I2CS\I2CS.csproj", "{EA91D646-6ADE-466A-82EF-27A8DBCF0152}"
EndProject
Project("{2150E333-8FDC-42A3-9474-1A3956D46DE8}") = "HDC1000", "HDC1000", "{26778C02-7EAB-4609-8B16-48A9F0E1E946}"
EndProject
Project("{FAE04EC0-301F-11D3-BF4B-00C04F79EFBC}") = "I2CS", "Plugins\HDC1000\I2CS\I2CS.csproj", "{B103A06C-653E-42CC-BE63-68056A587082}"
EndProject
Project("{2150E333-8FDC-42A3-9474-1A3956D46DE8}") = "MCP3428", "MCP3428", "{8465C662-4045-48ED-84C8-5D21428D97EE}"
EndProject
Project("{FAE04EC0-301F-11D3-BF4B-00C04F79EFBC}") = "I2CADC", "Plugins\MCP3428\I2CADC\I2CADC.csproj", "{D669AAF3-B981-47A8-BF7C-4B1CA744EA73}"
EndProject
Project("{2150E333-8FDC-42A3-9474-1A3956D46DE8}") = "SHT3X", "SHT3X", "{A97DDFFB-A93B-4064-8AD5-8B2BD8BBCA13}"
EndProject
Project("{2150E333-8FDC-42A3-9474-1A3956D46DE8}") = "TCN75A", "TCN75A", "{F8BC5BC3-527D-4489-871F-48605DB469C3}"
EndProject
Project("{FAE04EC0-301F-11D3-BF4B-00C04F79EFBC}") = "I2CS", "Plugins\TCN75A\I2CS\I2CS.csproj", "{9F2E4F30-40AE-43E1-85A1-63072F3FC412}"
EndProject
Project("{2150E333-8FDC-42A3-9474-1A3956D46DE8}") = "TMP100", "TMP100", "{73D8FD55-20B1-4CA3-B5E7-C942619F98F2}"
EndProject
Project("{FAE04EC0-301F-11D3-BF4B-00C04F79EFBC}") = "I2CS", "Plugins\TMP100\I2CS\I2CS.csproj", "{3220BFE1-AADB-4C67-A740-432408848831}"
EndProject
Project("{2150E333-8FDC-42A3-9474-1A3956D46DE8}") = "AD7416ARZ", "AD7416ARZ", "{30E8260F-1AEF-43E5-8AFC-B98C213CAF78}"
EndProject
Project("{FAE04EC0-301F-11D3-BF4B-00C04F79EFBC}") = "I2CS", "Plugins\AD7416ARZ\I2CS\I2CS.csproj", "{B1BB8C04-504D-46E3-BAF3-F0FC2A897E42}"
EndProject
Project("{2150E333-8FDC-42A3-9474-1A3956D46DE8}") = "ADT75", "ADT75", "{DF12CE3D-C952-4F34-BB3F-5B8703784F09}"
EndProject
Project("{FAE04EC0-301F-11D3-BF4B-00C04F79EFBC}") = "I2CS", "Plugins\ADT75\I2CS\I2CS.csproj", "{FB8CBF53-F665-4E7F-8B20-0A5B79DB3D57}"
EndProject
Project("{2150E333-8FDC-42A3-9474-1A3956D46DE8}") = "HCPA-5V-U3", "HCPA-5V-U3", "{E0530349-72E1-4ACC-B857-0B28F7874B18}"
EndProject
Project("{FAE04EC0-301F-11D3-BF4B-00C04F79EFBC}") = "I2CS", "Plugins\SHT3x\I2CS\I2CS.csproj", "{F610CB12-4C2D-4F81-A001-F8C06F9B1EF7}"
EndProject
Project("{FAE04EC0-301F-11D3-BF4B-00C04F79EFBC}") = "I2CS", "Plugins\HCPA-5V-U3\I2CS\I2CS.csproj", "{AD0EB6D3-A5F5-4314-91EF-329BBBB77D48}"
EndProject
Project("{2150E333-8FDC-42A3-9474-1A3956D46DE8}") = "M24512", "M24512", "{A6AE7013-768B-4F6C-AD45-016848DB80DB}"
EndProject
Project("{FAE04EC0-301F-11D3-BF4B-00C04F79EFBC}") = "I2CMEM", "Plugins\M24512\I2CMEM\I2CMEM.csproj", "{600FE8F2-B935-4C55-B2B4-FF645E4A89ED}"
EndProject
Project("{2150E333-8FDC-42A3-9474-1A3956D46DE8}") = "CPS120", "CPS120", "{03BAEBB8-A77D-4B2C-A63C-31A276344CE3}"
EndProject
Project("{FAE04EC0-301F-11D3-BF4B-00C04F79EFBC}") = "I2CS", "Plugins\CPS120\I2CS\I2CS.csproj", "{7DDD6261-F10E-44B8-A531-A6A0F9405BDB}"
EndProject
Project("{2150E333-8FDC-42A3-9474-1A3956D46DE8}") = "MXC6226XU", "MXC6226XU", "{A824A3D9-11E7-4108-8787-C6F3F7120A96}"
EndProject
Project("{FAE04EC0-301F-11D3-BF4B-00C04F79EFBC}") = "I2CS", "Plugins\MXC6226XU\I2CS\I2CS.csproj", "{146D2764-22D4-4E7F-BE0D-5D127B97A216}"
EndProject
Project("{2150E333-8FDC-42A3-9474-1A3956D46DE8}") = "ADC121C", "ADC121C", "{36E7A8AC-9760-47F4-9C06-171D918F59AB}"
EndProject
Project("{FAE04EC0-301F-11D3-BF4B-00C04F79EFBC}") = "I2CADC", "Plugins\ADC121C\I2CADC\I2CADC.csproj", "{803F46AA-A8DA-4F5B-BFEA-6484C2CF8F46}"
EndProject
Project("{2150E333-8FDC-42A3-9474-1A3956D46DE8}") = "MS5837", "MS5837", "{80F7E332-5E57-4E17-91D2-BB05FF734112}"
EndProject
Project("{FAE04EC0-301F-11D3-BF4B-00C04F79EFBC}") = "I2CS", "Plugins\MS5837\I2CS\I2CS.csproj", "{69335BED-62DF-4122-9B7D-B371BD7D3309}"
EndProject
Project("{2150E333-8FDC-42A3-9474-1A3956D46DE8}") = "MS8607", "MS8607", "{0D6BC857-8F48-4BB6-9D15-79F3717806A2}"
EndProject
Project("{2150E333-8FDC-42A3-9474-1A3956D46DE8}") = "MCP3425", "MCP3425", "{5C77A671-4052-44D0-B5B9-7801D74EB505}"
EndProject
Project("{FAE04EC0-301F-11D3-BF4B-00C04F79EFBC}") = "I2CADC", "Plugins\MCP3425\I2CADC\I2CADC.csproj", "{0DC24539-6BA7-4D89-9241-49F50CAAEB5F}"
EndProject
Project("{FAE04EC0-301F-11D3-BF4B-00C04F79EFBC}") = "I2CS", "Plugins\MS8607\I2CS\I2CS.csproj", "{AE130CB5-AD38-4D95-9658-E8E035C34CE3}"
EndProject
Project("{2150E333-8FDC-42A3-9474-1A3956D46DE8}") = "MS5805", "MS5805", "{AB8F8F18-7345-4F66-ADDA-4C9197460803}"
EndProject
Project("{FAE04EC0-301F-11D3-BF4B-00C04F79EFBC}") = "I2CS", "Plugins\MS5805\I2CS\I2CS.csproj", "{086EBAEB-A0FC-46BE-AAEC-6253F289586F}"
EndProject
Project("{2150E333-8FDC-42A3-9474-1A3956D46DE8}") = "Si7006", "Si7006", "{E411DBE7-B14A-4683-B8BD-6B68ACEC64D9}"
EndProject
Project("{FAE04EC0-301F-11D3-BF4B-00C04F79EFBC}") = "I2CS", "Plugins\Si7006\I2CS\I2CS.csproj", "{7029BE14-85AA-4D70-B07C-7B9565F6BBF3}"
EndProject
Project("{2150E333-8FDC-42A3-9474-1A3956D46DE8}") = "Si7050", "Si7050", "{A7F557BC-4711-46A5-9DD0-3CB600080F67}"
EndProject
Project("{FAE04EC0-301F-11D3-BF4B-00C04F79EFBC}") = "I2CS", "Plugins\Si7050\I2CS\I2CS.csproj", "{6D7D5C8C-B0B6-4BC8-923D-28D1E6EA47D5}"
EndProject
Project("{2150E333-8FDC-42A3-9474-1A3956D46DE8}") = "Si7020", "Si7020", "{49C5056E-6EDC-418C-930F-3289570AD979}"
EndProject
Project("{FAE04EC0-301F-11D3-BF4B-00C04F79EFBC}") = "I2CS", "Plugins\Si7020\I2CS\I2CS.csproj", "{85E95689-C2C8-4A9B-B249-FBAC38FEE3F7}"
EndProject
Project("{2150E333-8FDC-42A3-9474-1A3956D46DE8}") = "Si7005", "Si7005", "{B50C1D7D-FE65-4EE8-A53E-E29BD0CBFB09}"
EndProject
Project("{FAE04EC0-301F-11D3-BF4B-00C04F79EFBC}") = "I2CS", "Plugins\Si7005\I2CS\I2CS.csproj", "{A03910DD-7A94-46F4-ABC7-6C6A9B191569}"
EndProject
Project("{2150E333-8FDC-42A3-9474-1A3956D46DE8}") = "MCP9803", "MCP9803", "{F5465A86-A38C-4426-8B74-57BF0D5092CF}"
EndProject
Project("{FAE04EC0-301F-11D3-BF4B-00C04F79EFBC}") = "I2CS", "Plugins\MCP9803\I2CS\I2CS.csproj", "{25BF0328-869C-4154-8FEB-8B4D2A160FAD}"
EndProject
Project("{2150E333-8FDC-42A3-9474-1A3956D46DE8}") = "MCP9808", "MCP9808", "{EF092F7B-19E4-4F4F-9947-26FFD59D5A63}"
EndProject
Project("{FAE04EC0-301F-11D3-BF4B-00C04F79EFBC}") = "I2CS", "Plugins\MCP9808\I2CS\I2CS.csproj", "{77B6EE30-8BC0-4BBB-BE5D-8E1CACF9030A}"
EndProject
Project("{2150E333-8FDC-42A3-9474-1A3956D46DE8}") = "STS21", "STS21", "{22F3F980-9062-401D-A651-C8D25BF6E6B8}"
EndProject
Project("{FAE04EC0-301F-11D3-BF4B-00C04F79EFBC}") = "I2CS", "Plugins\STS21\I2CS\I2CS.csproj", "{8167E309-8899-4E98-BB2B-2BEBB64A5F45}"
EndProject
Project("{2150E333-8FDC-42A3-9474-1A3956D46DE8}") = "SHT25", "SHT25", "{B4440F3C-5F15-44DC-BC50-5D6A9D3057B7}"
EndProject
Project("{FAE04EC0-301F-11D3-BF4B-00C04F79EFBC}") = "I2CS", "Plugins\SHT25\I2CS\I2CS.csproj", "{064BD6E0-AAE1-4D49-8C31-8801A5FA34A2}"
EndProject
Project("{930C7802-8A8C-48F9-8165-68863BCCD9DD}") = "AnyI2CSetup", "AnyI2C\bin\AnyI2CSetup.wixproj", "{0114F422-4870-4B01-A2A6-22E9B4297C9D}"
EndProject
Project("{FAE04EC0-301F-11D3-BF4B-00C04F79EFBC}") = "SetupXmlCreator", "SetupXmlCreator\SetupXmlCreator.csproj", "{1D117753-4EA3-4BAE-8C8C-0A18E5B7F454}"
EndProject
Global
	GlobalSection(SolutionConfigurationPlatforms) = preSolution
		Debug|Any CPU = Debug|Any CPU
		Debug|Mixed Platforms = Debug|Mixed Platforms
		Debug|x86 = Debug|x86
		Release|Any CPU = Release|Any CPU
		Release|Mixed Platforms = Release|Mixed Platforms
		Release|x86 = Release|x86
	EndGlobalSection
	GlobalSection(ProjectConfigurationPlatforms) = postSolution
		{50179CEA-902D-4086-8867-0819CEC74C8B}.Debug|Any CPU.ActiveCfg = Debug|Any CPU
		{50179CEA-902D-4086-8867-0819CEC74C8B}.Debug|Mixed Platforms.ActiveCfg = Debug|Any CPU
		{50179CEA-902D-4086-8867-0819CEC74C8B}.Debug|x86.ActiveCfg = Debug|Any CPU
		{50179CEA-902D-4086-8867-0819CEC74C8B}.Release|Any CPU.ActiveCfg = Release|Any CPU
		{50179CEA-902D-4086-8867-0819CEC74C8B}.Release|Any CPU.Build.0 = Release|Any CPU
		{50179CEA-902D-4086-8867-0819CEC74C8B}.Release|Mixed Platforms.ActiveCfg = Release|Any CPU
		{50179CEA-902D-4086-8867-0819CEC74C8B}.Release|Mixed Platforms.Build.0 = Release|Any CPU
		{50179CEA-902D-4086-8867-0819CEC74C8B}.Release|x86.ActiveCfg = Release|Any CPU
		{7C11D238-8414-4723-85B3-5A02757DC26F}.Debug|Any CPU.ActiveCfg = Debug|Any CPU
		{7C11D238-8414-4723-85B3-5A02757DC26F}.Debug|Mixed Platforms.ActiveCfg = Debug|Any CPU
		{7C11D238-8414-4723-85B3-5A02757DC26F}.Debug|x86.ActiveCfg = Debug|Any CPU
		{7C11D238-8414-4723-85B3-5A02757DC26F}.Release|Any CPU.ActiveCfg = Release|Any CPU
		{7C11D238-8414-4723-85B3-5A02757DC26F}.Release|Any CPU.Build.0 = Release|Any CPU
		{7C11D238-8414-4723-85B3-5A02757DC26F}.Release|Mixed Platforms.ActiveCfg = Release|Any CPU
		{7C11D238-8414-4723-85B3-5A02757DC26F}.Release|Mixed Platforms.Build.0 = Release|Any CPU
		{7C11D238-8414-4723-85B3-5A02757DC26F}.Release|x86.ActiveCfg = Release|Any CPU
		{2A4718C7-60F0-4D61-B68F-C8BB2D7C615E}.Debug|Any CPU.ActiveCfg = Debug|Any CPU
		{2A4718C7-60F0-4D61-B68F-C8BB2D7C615E}.Debug|Mixed Platforms.ActiveCfg = Debug|Any CPU
		{2A4718C7-60F0-4D61-B68F-C8BB2D7C615E}.Debug|x86.ActiveCfg = Debug|Any CPU
		{2A4718C7-60F0-4D61-B68F-C8BB2D7C615E}.Release|Any CPU.ActiveCfg = Release|Any CPU
		{2A4718C7-60F0-4D61-B68F-C8BB2D7C615E}.Release|Any CPU.Build.0 = Release|Any CPU
		{2A4718C7-60F0-4D61-B68F-C8BB2D7C615E}.Release|Mixed Platforms.ActiveCfg = Release|Any CPU
		{2A4718C7-60F0-4D61-B68F-C8BB2D7C615E}.Release|Mixed Platforms.Build.0 = Release|Any CPU
		{2A4718C7-60F0-4D61-B68F-C8BB2D7C615E}.Release|x86.ActiveCfg = Release|Any CPU
		{42A1DFDA-85F5-46B1-A3AD-F58012BD4D34}.Debug|Any CPU.ActiveCfg = Debug|Any CPU
		{42A1DFDA-85F5-46B1-A3AD-F58012BD4D34}.Debug|Mixed Platforms.ActiveCfg = Debug|Any CPU
		{42A1DFDA-85F5-46B1-A3AD-F58012BD4D34}.Debug|x86.ActiveCfg = Debug|Any CPU
		{42A1DFDA-85F5-46B1-A3AD-F58012BD4D34}.Release|Any CPU.ActiveCfg = Release|Any CPU
		{42A1DFDA-85F5-46B1-A3AD-F58012BD4D34}.Release|Any CPU.Build.0 = Release|Any CPU
		{42A1DFDA-85F5-46B1-A3AD-F58012BD4D34}.Release|Mixed Platforms.ActiveCfg = Release|Any CPU
		{42A1DFDA-85F5-46B1-A3AD-F58012BD4D34}.Release|Mixed Platforms.Build.0 = Release|Any CPU
		{42A1DFDA-85F5-46B1-A3AD-F58012BD4D34}.Release|x86.ActiveCfg = Release|Any CPU
		{37B39608-C049-4EFC-8014-1C92BD6A3BE5}.Debug|Any CPU.ActiveCfg = Debug|Any CPU
		{37B39608-C049-4EFC-8014-1C92BD6A3BE5}.Debug|Mixed Platforms.ActiveCfg = Debug|Any CPU
		{37B39608-C049-4EFC-8014-1C92BD6A3BE5}.Debug|Mixed Platforms.Build.0 = Debug|Any CPU
		{37B39608-C049-4EFC-8014-1C92BD6A3BE5}.Debug|x86.ActiveCfg = Debug|Any CPU
		{37B39608-C049-4EFC-8014-1C92BD6A3BE5}.Release|Any CPU.ActiveCfg = Release|Any CPU
		{37B39608-C049-4EFC-8014-1C92BD6A3BE5}.Release|Any CPU.Build.0 = Release|Any CPU
		{37B39608-C049-4EFC-8014-1C92BD6A3BE5}.Release|Mixed Platforms.ActiveCfg = Release|Any CPU
		{37B39608-C049-4EFC-8014-1C92BD6A3BE5}.Release|Mixed Platforms.Build.0 = Release|Any CPU
		{37B39608-C049-4EFC-8014-1C92BD6A3BE5}.Release|x86.ActiveCfg = Release|Any CPU
		{87A1CA31-3EFA-469D-BF0E-9D21AB3953D5}.Debug|Any CPU.ActiveCfg = Debug|Any CPU
		{87A1CA31-3EFA-469D-BF0E-9D21AB3953D5}.Debug|Mixed Platforms.ActiveCfg = Debug|Any CPU
		{87A1CA31-3EFA-469D-BF0E-9D21AB3953D5}.Debug|Mixed Platforms.Build.0 = Debug|Any CPU
		{87A1CA31-3EFA-469D-BF0E-9D21AB3953D5}.Debug|x86.ActiveCfg = Debug|Any CPU
		{87A1CA31-3EFA-469D-BF0E-9D21AB3953D5}.Release|Any CPU.ActiveCfg = Release|Any CPU
		{87A1CA31-3EFA-469D-BF0E-9D21AB3953D5}.Release|Any CPU.Build.0 = Release|Any CPU
		{87A1CA31-3EFA-469D-BF0E-9D21AB3953D5}.Release|Mixed Platforms.ActiveCfg = Release|Any CPU
		{87A1CA31-3EFA-469D-BF0E-9D21AB3953D5}.Release|Mixed Platforms.Build.0 = Release|Any CPU
		{87A1CA31-3EFA-469D-BF0E-9D21AB3953D5}.Release|x86.ActiveCfg = Release|Any CPU
		{F4F89BDA-BB03-457F-B247-28CE9EC21E6B}.Debug|Any CPU.ActiveCfg = Debug|Any CPU
		{F4F89BDA-BB03-457F-B247-28CE9EC21E6B}.Debug|Mixed Platforms.ActiveCfg = Debug|Any CPU
		{F4F89BDA-BB03-457F-B247-28CE9EC21E6B}.Debug|Mixed Platforms.Build.0 = Debug|Any CPU
		{F4F89BDA-BB03-457F-B247-28CE9EC21E6B}.Debug|x86.ActiveCfg = Debug|Any CPU
		{F4F89BDA-BB03-457F-B247-28CE9EC21E6B}.Release|Any CPU.ActiveCfg = Release|Any CPU
		{F4F89BDA-BB03-457F-B247-28CE9EC21E6B}.Release|Any CPU.Build.0 = Release|Any CPU
		{F4F89BDA-BB03-457F-B247-28CE9EC21E6B}.Release|Mixed Platforms.ActiveCfg = Release|Any CPU
		{F4F89BDA-BB03-457F-B247-28CE9EC21E6B}.Release|Mixed Platforms.Build.0 = Release|Any CPU
		{F4F89BDA-BB03-457F-B247-28CE9EC21E6B}.Release|x86.ActiveCfg = Release|Any CPU
		{EB695406-F52F-4A63-9E30-07D29D67F971}.Debug|Any CPU.ActiveCfg = Debug|Any CPU
		{EB695406-F52F-4A63-9E30-07D29D67F971}.Debug|Mixed Platforms.ActiveCfg = Debug|Any CPU
		{EB695406-F52F-4A63-9E30-07D29D67F971}.Debug|Mixed Platforms.Build.0 = Debug|Any CPU
		{EB695406-F52F-4A63-9E30-07D29D67F971}.Debug|x86.ActiveCfg = Debug|Any CPU
		{EB695406-F52F-4A63-9E30-07D29D67F971}.Release|Any CPU.ActiveCfg = Release|Any CPU
		{EB695406-F52F-4A63-9E30-07D29D67F971}.Release|Any CPU.Build.0 = Release|Any CPU
		{EB695406-F52F-4A63-9E30-07D29D67F971}.Release|Mixed Platforms.ActiveCfg = Release|Any CPU
		{EB695406-F52F-4A63-9E30-07D29D67F971}.Release|Mixed Platforms.Build.0 = Release|Any CPU
		{EB695406-F52F-4A63-9E30-07D29D67F971}.Release|x86.ActiveCfg = Release|Any CPU
		{17F7E2F8-A4D7-4897-8EEF-2727D23B07CB}.Debug|Any CPU.ActiveCfg = Debug|Any CPU
		{17F7E2F8-A4D7-4897-8EEF-2727D23B07CB}.Debug|Any CPU.Build.0 = Debug|Any CPU
		{17F7E2F8-A4D7-4897-8EEF-2727D23B07CB}.Debug|Mixed Platforms.ActiveCfg = Debug|Any CPU
		{17F7E2F8-A4D7-4897-8EEF-2727D23B07CB}.Debug|Mixed Platforms.Build.0 = Debug|Any CPU
		{17F7E2F8-A4D7-4897-8EEF-2727D23B07CB}.Debug|x86.ActiveCfg = Debug|Any CPU
		{17F7E2F8-A4D7-4897-8EEF-2727D23B07CB}.Release|Any CPU.ActiveCfg = Release|Any CPU
		{17F7E2F8-A4D7-4897-8EEF-2727D23B07CB}.Release|Any CPU.Build.0 = Release|Any CPU
		{17F7E2F8-A4D7-4897-8EEF-2727D23B07CB}.Release|Mixed Platforms.ActiveCfg = Release|Any CPU
		{17F7E2F8-A4D7-4897-8EEF-2727D23B07CB}.Release|Mixed Platforms.Build.0 = Release|Any CPU
		{17F7E2F8-A4D7-4897-8EEF-2727D23B07CB}.Release|x86.ActiveCfg = Release|Any CPU
		{1A5BE7C9-184B-4517-A1AB-4685109125C1}.Debug|Any CPU.ActiveCfg = Debug|Any CPU
		{1A5BE7C9-184B-4517-A1AB-4685109125C1}.Debug|Any CPU.Build.0 = Debug|Any CPU
		{1A5BE7C9-184B-4517-A1AB-4685109125C1}.Debug|Mixed Platforms.ActiveCfg = Debug|Any CPU
		{1A5BE7C9-184B-4517-A1AB-4685109125C1}.Debug|Mixed Platforms.Build.0 = Debug|Any CPU
		{1A5BE7C9-184B-4517-A1AB-4685109125C1}.Debug|x86.ActiveCfg = Debug|Any CPU
		{1A5BE7C9-184B-4517-A1AB-4685109125C1}.Release|Any CPU.ActiveCfg = Release|Any CPU
		{1A5BE7C9-184B-4517-A1AB-4685109125C1}.Release|Any CPU.Build.0 = Release|Any CPU
		{1A5BE7C9-184B-4517-A1AB-4685109125C1}.Release|Mixed Platforms.ActiveCfg = Release|Any CPU
		{1A5BE7C9-184B-4517-A1AB-4685109125C1}.Release|Mixed Platforms.Build.0 = Release|Any CPU
		{1A5BE7C9-184B-4517-A1AB-4685109125C1}.Release|x86.ActiveCfg = Release|Any CPU
		{A87F8F31-4583-4A3F-8F25-168FD09A5356}.Debug|Any CPU.ActiveCfg = Debug|Any CPU
		{A87F8F31-4583-4A3F-8F25-168FD09A5356}.Debug|Any CPU.Build.0 = Debug|Any CPU
		{A87F8F31-4583-4A3F-8F25-168FD09A5356}.Debug|Mixed Platforms.ActiveCfg = Debug|Any CPU
		{A87F8F31-4583-4A3F-8F25-168FD09A5356}.Debug|Mixed Platforms.Build.0 = Debug|Any CPU
		{A87F8F31-4583-4A3F-8F25-168FD09A5356}.Debug|x86.ActiveCfg = Debug|Any CPU
		{A87F8F31-4583-4A3F-8F25-168FD09A5356}.Release|Any CPU.ActiveCfg = Release|Any CPU
		{A87F8F31-4583-4A3F-8F25-168FD09A5356}.Release|Any CPU.Build.0 = Release|Any CPU
		{A87F8F31-4583-4A3F-8F25-168FD09A5356}.Release|Mixed Platforms.ActiveCfg = Release|Any CPU
		{A87F8F31-4583-4A3F-8F25-168FD09A5356}.Release|Mixed Platforms.Build.0 = Release|Any CPU
		{A87F8F31-4583-4A3F-8F25-168FD09A5356}.Release|x86.ActiveCfg = Release|Any CPU
		{69DB90CF-7BDB-4520-BEB3-294D57270A12}.Debug|Any CPU.ActiveCfg = Debug|Any CPU
		{69DB90CF-7BDB-4520-BEB3-294D57270A12}.Debug|Any CPU.Build.0 = Debug|Any CPU
		{69DB90CF-7BDB-4520-BEB3-294D57270A12}.Debug|Mixed Platforms.ActiveCfg = Debug|Any CPU
		{69DB90CF-7BDB-4520-BEB3-294D57270A12}.Debug|Mixed Platforms.Build.0 = Debug|Any CPU
		{69DB90CF-7BDB-4520-BEB3-294D57270A12}.Debug|x86.ActiveCfg = Debug|Any CPU
		{69DB90CF-7BDB-4520-BEB3-294D57270A12}.Release|Any CPU.ActiveCfg = Release|Any CPU
		{69DB90CF-7BDB-4520-BEB3-294D57270A12}.Release|Any CPU.Build.0 = Release|Any CPU
		{69DB90CF-7BDB-4520-BEB3-294D57270A12}.Release|Mixed Platforms.ActiveCfg = Release|Any CPU
		{69DB90CF-7BDB-4520-BEB3-294D57270A12}.Release|Mixed Platforms.Build.0 = Release|Any CPU
		{69DB90CF-7BDB-4520-BEB3-294D57270A12}.Release|x86.ActiveCfg = Release|Any CPU
		{D539FE82-82DD-4C9F-A04D-501B5B50B63B}.Debug|Any CPU.ActiveCfg = Debug|Any CPU
		{D539FE82-82DD-4C9F-A04D-501B5B50B63B}.Debug|Any CPU.Build.0 = Debug|Any CPU
		{D539FE82-82DD-4C9F-A04D-501B5B50B63B}.Debug|Mixed Platforms.ActiveCfg = Debug|Any CPU
		{D539FE82-82DD-4C9F-A04D-501B5B50B63B}.Debug|Mixed Platforms.Build.0 = Debug|Any CPU
		{D539FE82-82DD-4C9F-A04D-501B5B50B63B}.Debug|x86.ActiveCfg = Debug|Any CPU
		{D539FE82-82DD-4C9F-A04D-501B5B50B63B}.Release|Any CPU.ActiveCfg = Release|Any CPU
		{D539FE82-82DD-4C9F-A04D-501B5B50B63B}.Release|Any CPU.Build.0 = Release|Any CPU
		{D539FE82-82DD-4C9F-A04D-501B5B50B63B}.Release|Mixed Platforms.ActiveCfg = Release|Any CPU
		{D539FE82-82DD-4C9F-A04D-501B5B50B63B}.Release|Mixed Platforms.Build.0 = Release|Any CPU
		{D539FE82-82DD-4C9F-A04D-501B5B50B63B}.Release|x86.ActiveCfg = Release|Any CPU
		{575FDE88-7573-4C4E-850D-BA69C6905A3C}.Debug|Any CPU.ActiveCfg = Debug|Any CPU
		{575FDE88-7573-4C4E-850D-BA69C6905A3C}.Debug|Any CPU.Build.0 = Debug|Any CPU
		{575FDE88-7573-4C4E-850D-BA69C6905A3C}.Debug|Mixed Platforms.ActiveCfg = Debug|Any CPU
		{575FDE88-7573-4C4E-850D-BA69C6905A3C}.Debug|Mixed Platforms.Build.0 = Debug|Any CPU
		{575FDE88-7573-4C4E-850D-BA69C6905A3C}.Debug|x86.ActiveCfg = Debug|Any CPU
		{575FDE88-7573-4C4E-850D-BA69C6905A3C}.Release|Any CPU.ActiveCfg = Release|Any CPU
		{575FDE88-7573-4C4E-850D-BA69C6905A3C}.Release|Any CPU.Build.0 = Release|Any CPU
		{575FDE88-7573-4C4E-850D-BA69C6905A3C}.Release|Mixed Platforms.ActiveCfg = Release|Any CPU
		{575FDE88-7573-4C4E-850D-BA69C6905A3C}.Release|Mixed Platforms.Build.0 = Release|Any CPU
		{575FDE88-7573-4C4E-850D-BA69C6905A3C}.Release|x86.ActiveCfg = Release|Any CPU
		{3EC6A527-2455-452C-8D0F-E1D206878D7E}.Debug|Any CPU.ActiveCfg = Debug|Any CPU
		{3EC6A527-2455-452C-8D0F-E1D206878D7E}.Debug|Any CPU.Build.0 = Debug|Any CPU
		{3EC6A527-2455-452C-8D0F-E1D206878D7E}.Debug|Mixed Platforms.ActiveCfg = Debug|Any CPU
		{3EC6A527-2455-452C-8D0F-E1D206878D7E}.Debug|Mixed Platforms.Build.0 = Debug|Any CPU
		{3EC6A527-2455-452C-8D0F-E1D206878D7E}.Debug|x86.ActiveCfg = Debug|Any CPU
		{3EC6A527-2455-452C-8D0F-E1D206878D7E}.Release|Any CPU.ActiveCfg = Release|Any CPU
		{3EC6A527-2455-452C-8D0F-E1D206878D7E}.Release|Any CPU.Build.0 = Release|Any CPU
		{3EC6A527-2455-452C-8D0F-E1D206878D7E}.Release|Mixed Platforms.ActiveCfg = Release|Any CPU
		{3EC6A527-2455-452C-8D0F-E1D206878D7E}.Release|Mixed Platforms.Build.0 = Release|Any CPU
		{3EC6A527-2455-452C-8D0F-E1D206878D7E}.Release|x86.ActiveCfg = Release|Any CPU
		{115BFB29-AA26-4033-93AD-D65294F5A555}.Debug|Any CPU.ActiveCfg = Debug|Any CPU
		{115BFB29-AA26-4033-93AD-D65294F5A555}.Debug|Any CPU.Build.0 = Debug|Any CPU
		{115BFB29-AA26-4033-93AD-D65294F5A555}.Debug|Mixed Platforms.ActiveCfg = Debug|Any CPU
		{115BFB29-AA26-4033-93AD-D65294F5A555}.Debug|Mixed Platforms.Build.0 = Debug|Any CPU
		{115BFB29-AA26-4033-93AD-D65294F5A555}.Debug|x86.ActiveCfg = Debug|Any CPU
		{115BFB29-AA26-4033-93AD-D65294F5A555}.Release|Any CPU.ActiveCfg = Release|Any CPU
		{115BFB29-AA26-4033-93AD-D65294F5A555}.Release|Any CPU.Build.0 = Release|Any CPU
		{115BFB29-AA26-4033-93AD-D65294F5A555}.Release|Mixed Platforms.ActiveCfg = Release|Any CPU
		{115BFB29-AA26-4033-93AD-D65294F5A555}.Release|Mixed Platforms.Build.0 = Release|Any CPU
		{115BFB29-AA26-4033-93AD-D65294F5A555}.Release|x86.ActiveCfg = Release|Any CPU
		{8E690221-EE8C-431B-9BAF-1AA64A422205}.Debug|Any CPU.ActiveCfg = Debug|Any CPU
		{8E690221-EE8C-431B-9BAF-1AA64A422205}.Debug|Any CPU.Build.0 = Debug|Any CPU
		{8E690221-EE8C-431B-9BAF-1AA64A422205}.Debug|Mixed Platforms.ActiveCfg = Debug|Any CPU
		{8E690221-EE8C-431B-9BAF-1AA64A422205}.Debug|Mixed Platforms.Build.0 = Debug|Any CPU
		{8E690221-EE8C-431B-9BAF-1AA64A422205}.Debug|x86.ActiveCfg = Debug|Any CPU
		{8E690221-EE8C-431B-9BAF-1AA64A422205}.Release|Any CPU.ActiveCfg = Release|Any CPU
		{8E690221-EE8C-431B-9BAF-1AA64A422205}.Release|Any CPU.Build.0 = Release|Any CPU
		{8E690221-EE8C-431B-9BAF-1AA64A422205}.Release|Mixed Platforms.ActiveCfg = Release|Any CPU
		{8E690221-EE8C-431B-9BAF-1AA64A422205}.Release|Mixed Platforms.Build.0 = Release|Any CPU
		{8E690221-EE8C-431B-9BAF-1AA64A422205}.Release|x86.ActiveCfg = Release|Any CPU
		{0F023965-B797-4278-8AC0-114434C995AC}.Debug|Any CPU.ActiveCfg = Debug|Any CPU
		{0F023965-B797-4278-8AC0-114434C995AC}.Debug|Any CPU.Build.0 = Debug|Any CPU
		{0F023965-B797-4278-8AC0-114434C995AC}.Debug|Mixed Platforms.ActiveCfg = Debug|Any CPU
		{0F023965-B797-4278-8AC0-114434C995AC}.Debug|Mixed Platforms.Build.0 = Debug|Any CPU
		{0F023965-B797-4278-8AC0-114434C995AC}.Debug|x86.ActiveCfg = Debug|Any CPU
		{0F023965-B797-4278-8AC0-114434C995AC}.Release|Any CPU.ActiveCfg = Release|Any CPU
		{0F023965-B797-4278-8AC0-114434C995AC}.Release|Any CPU.Build.0 = Release|Any CPU
		{0F023965-B797-4278-8AC0-114434C995AC}.Release|Mixed Platforms.ActiveCfg = Release|Any CPU
		{0F023965-B797-4278-8AC0-114434C995AC}.Release|Mixed Platforms.Build.0 = Release|Any CPU
		{0F023965-B797-4278-8AC0-114434C995AC}.Release|x86.ActiveCfg = Release|Any CPU
		{73A1E014-9C0D-42C2-862F-CEBEE304A236}.Debug|Any CPU.ActiveCfg = Debug|Any CPU
		{73A1E014-9C0D-42C2-862F-CEBEE304A236}.Debug|Any CPU.Build.0 = Debug|Any CPU
		{73A1E014-9C0D-42C2-862F-CEBEE304A236}.Debug|Mixed Platforms.ActiveCfg = Debug|Any CPU
		{73A1E014-9C0D-42C2-862F-CEBEE304A236}.Debug|Mixed Platforms.Build.0 = Debug|Any CPU
		{73A1E014-9C0D-42C2-862F-CEBEE304A236}.Debug|x86.ActiveCfg = Debug|Any CPU
		{73A1E014-9C0D-42C2-862F-CEBEE304A236}.Release|Any CPU.ActiveCfg = Release|Any CPU
		{73A1E014-9C0D-42C2-862F-CEBEE304A236}.Release|Any CPU.Build.0 = Release|Any CPU
		{73A1E014-9C0D-42C2-862F-CEBEE304A236}.Release|Mixed Platforms.ActiveCfg = Release|Any CPU
		{73A1E014-9C0D-42C2-862F-CEBEE304A236}.Release|Mixed Platforms.Build.0 = Release|Any CPU
		{73A1E014-9C0D-42C2-862F-CEBEE304A236}.Release|x86.ActiveCfg = Release|Any CPU
		{22656A85-5F13-43E9-8A61-2AC57E610D26}.Debug|Any CPU.ActiveCfg = Debug|Any CPU
		{22656A85-5F13-43E9-8A61-2AC57E610D26}.Debug|Any CPU.Build.0 = Debug|Any CPU
		{22656A85-5F13-43E9-8A61-2AC57E610D26}.Debug|Mixed Platforms.ActiveCfg = Debug|Any CPU
		{22656A85-5F13-43E9-8A61-2AC57E610D26}.Debug|Mixed Platforms.Build.0 = Debug|Any CPU
		{22656A85-5F13-43E9-8A61-2AC57E610D26}.Debug|x86.ActiveCfg = Debug|Any CPU
		{22656A85-5F13-43E9-8A61-2AC57E610D26}.Release|Any CPU.ActiveCfg = Release|Any CPU
		{22656A85-5F13-43E9-8A61-2AC57E610D26}.Release|Any CPU.Build.0 = Release|Any CPU
		{22656A85-5F13-43E9-8A61-2AC57E610D26}.Release|Mixed Platforms.ActiveCfg = Release|Any CPU
		{22656A85-5F13-43E9-8A61-2AC57E610D26}.Release|Mixed Platforms.Build.0 = Release|Any CPU
		{22656A85-5F13-43E9-8A61-2AC57E610D26}.Release|x86.ActiveCfg = Release|Any CPU
		{5C3FEA58-3A1E-453C-BA0B-1E0407555802}.Debug|Any CPU.ActiveCfg = Debug|Any CPU
		{5C3FEA58-3A1E-453C-BA0B-1E0407555802}.Debug|Any CPU.Build.0 = Debug|Any CPU
		{5C3FEA58-3A1E-453C-BA0B-1E0407555802}.Debug|Mixed Platforms.ActiveCfg = Debug|Any CPU
		{5C3FEA58-3A1E-453C-BA0B-1E0407555802}.Debug|Mixed Platforms.Build.0 = Debug|Any CPU
		{5C3FEA58-3A1E-453C-BA0B-1E0407555802}.Debug|x86.ActiveCfg = Debug|Any CPU
		{5C3FEA58-3A1E-453C-BA0B-1E0407555802}.Release|Any CPU.ActiveCfg = Release|Any CPU
		{5C3FEA58-3A1E-453C-BA0B-1E0407555802}.Release|Any CPU.Build.0 = Release|Any CPU
		{5C3FEA58-3A1E-453C-BA0B-1E0407555802}.Release|Mixed Platforms.ActiveCfg = Release|Any CPU
		{5C3FEA58-3A1E-453C-BA0B-1E0407555802}.Release|Mixed Platforms.Build.0 = Release|Any CPU
		{5C3FEA58-3A1E-453C-BA0B-1E0407555802}.Release|x86.ActiveCfg = Release|Any CPU
		{EA91D646-6ADE-466A-82EF-27A8DBCF0152}.Debug|Any CPU.ActiveCfg = Debug|Any CPU
		{EA91D646-6ADE-466A-82EF-27A8DBCF0152}.Debug|Any CPU.Build.0 = Debug|Any CPU
		{EA91D646-6ADE-466A-82EF-27A8DBCF0152}.Debug|Mixed Platforms.ActiveCfg = Debug|Any CPU
		{EA91D646-6ADE-466A-82EF-27A8DBCF0152}.Debug|Mixed Platforms.Build.0 = Debug|Any CPU
		{EA91D646-6ADE-466A-82EF-27A8DBCF0152}.Debug|x86.ActiveCfg = Debug|Any CPU
		{EA91D646-6ADE-466A-82EF-27A8DBCF0152}.Release|Any CPU.ActiveCfg = Release|Any CPU
		{EA91D646-6ADE-466A-82EF-27A8DBCF0152}.Release|Any CPU.Build.0 = Release|Any CPU
		{EA91D646-6ADE-466A-82EF-27A8DBCF0152}.Release|Mixed Platforms.ActiveCfg = Release|Any CPU
		{EA91D646-6ADE-466A-82EF-27A8DBCF0152}.Release|Mixed Platforms.Build.0 = Release|Any CPU
		{EA91D646-6ADE-466A-82EF-27A8DBCF0152}.Release|x86.ActiveCfg = Release|Any CPU
		{B103A06C-653E-42CC-BE63-68056A587082}.Debug|Any CPU.ActiveCfg = Debug|Any CPU
		{B103A06C-653E-42CC-BE63-68056A587082}.Debug|Any CPU.Build.0 = Debug|Any CPU
		{B103A06C-653E-42CC-BE63-68056A587082}.Debug|Mixed Platforms.ActiveCfg = Debug|Any CPU
		{B103A06C-653E-42CC-BE63-68056A587082}.Debug|Mixed Platforms.Build.0 = Debug|Any CPU
		{B103A06C-653E-42CC-BE63-68056A587082}.Debug|x86.ActiveCfg = Debug|Any CPU
		{B103A06C-653E-42CC-BE63-68056A587082}.Release|Any CPU.ActiveCfg = Release|Any CPU
		{B103A06C-653E-42CC-BE63-68056A587082}.Release|Any CPU.Build.0 = Release|Any CPU
		{B103A06C-653E-42CC-BE63-68056A587082}.Release|Mixed Platforms.ActiveCfg = Release|Any CPU
		{B103A06C-653E-42CC-BE63-68056A587082}.Release|Mixed Platforms.Build.0 = Release|Any CPU
		{B103A06C-653E-42CC-BE63-68056A587082}.Release|x86.ActiveCfg = Release|Any CPU
		{D669AAF3-B981-47A8-BF7C-4B1CA744EA73}.Debug|Any CPU.ActiveCfg = Debug|Any CPU
		{D669AAF3-B981-47A8-BF7C-4B1CA744EA73}.Debug|Any CPU.Build.0 = Debug|Any CPU
		{D669AAF3-B981-47A8-BF7C-4B1CA744EA73}.Debug|Mixed Platforms.ActiveCfg = Debug|Any CPU
		{D669AAF3-B981-47A8-BF7C-4B1CA744EA73}.Debug|Mixed Platforms.Build.0 = Debug|Any CPU
		{D669AAF3-B981-47A8-BF7C-4B1CA744EA73}.Debug|x86.ActiveCfg = Debug|Any CPU
		{D669AAF3-B981-47A8-BF7C-4B1CA744EA73}.Release|Any CPU.ActiveCfg = Release|Any CPU
		{D669AAF3-B981-47A8-BF7C-4B1CA744EA73}.Release|Any CPU.Build.0 = Release|Any CPU
		{D669AAF3-B981-47A8-BF7C-4B1CA744EA73}.Release|Mixed Platforms.ActiveCfg = Release|Any CPU
		{D669AAF3-B981-47A8-BF7C-4B1CA744EA73}.Release|Mixed Platforms.Build.0 = Release|Any CPU
		{D669AAF3-B981-47A8-BF7C-4B1CA744EA73}.Release|x86.ActiveCfg = Release|Any CPU
		{9F2E4F30-40AE-43E1-85A1-63072F3FC412}.Debug|Any CPU.ActiveCfg = Debug|Any CPU
		{9F2E4F30-40AE-43E1-85A1-63072F3FC412}.Debug|Any CPU.Build.0 = Debug|Any CPU
		{9F2E4F30-40AE-43E1-85A1-63072F3FC412}.Debug|Mixed Platforms.ActiveCfg = Debug|Any CPU
		{9F2E4F30-40AE-43E1-85A1-63072F3FC412}.Debug|Mixed Platforms.Build.0 = Debug|Any CPU
		{9F2E4F30-40AE-43E1-85A1-63072F3FC412}.Debug|x86.ActiveCfg = Debug|Any CPU
		{9F2E4F30-40AE-43E1-85A1-63072F3FC412}.Release|Any CPU.ActiveCfg = Release|Any CPU
		{9F2E4F30-40AE-43E1-85A1-63072F3FC412}.Release|Any CPU.Build.0 = Release|Any CPU
		{9F2E4F30-40AE-43E1-85A1-63072F3FC412}.Release|Mixed Platforms.ActiveCfg = Release|Any CPU
		{9F2E4F30-40AE-43E1-85A1-63072F3FC412}.Release|Mixed Platforms.Build.0 = Release|Any CPU
		{9F2E4F30-40AE-43E1-85A1-63072F3FC412}.Release|x86.ActiveCfg = Release|Any CPU
		{3220BFE1-AADB-4C67-A740-432408848831}.Debug|Any CPU.ActiveCfg = Debug|Any CPU
		{3220BFE1-AADB-4C67-A740-432408848831}.Debug|Any CPU.Build.0 = Debug|Any CPU
		{3220BFE1-AADB-4C67-A740-432408848831}.Debug|Mixed Platforms.ActiveCfg = Debug|Any CPU
		{3220BFE1-AADB-4C67-A740-432408848831}.Debug|Mixed Platforms.Build.0 = Debug|Any CPU
		{3220BFE1-AADB-4C67-A740-432408848831}.Debug|x86.ActiveCfg = Debug|Any CPU
		{3220BFE1-AADB-4C67-A740-432408848831}.Release|Any CPU.ActiveCfg = Release|Any CPU
		{3220BFE1-AADB-4C67-A740-432408848831}.Release|Any CPU.Build.0 = Release|Any CPU
		{3220BFE1-AADB-4C67-A740-432408848831}.Release|Mixed Platforms.ActiveCfg = Release|Any CPU
		{3220BFE1-AADB-4C67-A740-432408848831}.Release|Mixed Platforms.Build.0 = Release|Any CPU
		{3220BFE1-AADB-4C67-A740-432408848831}.Release|x86.ActiveCfg = Release|Any CPU
		{B1BB8C04-504D-46E3-BAF3-F0FC2A897E42}.Debug|Any CPU.ActiveCfg = Debug|Any CPU
		{B1BB8C04-504D-46E3-BAF3-F0FC2A897E42}.Debug|Any CPU.Build.0 = Debug|Any CPU
		{B1BB8C04-504D-46E3-BAF3-F0FC2A897E42}.Debug|Mixed Platforms.ActiveCfg = Debug|Any CPU
		{B1BB8C04-504D-46E3-BAF3-F0FC2A897E42}.Debug|Mixed Platforms.Build.0 = Debug|Any CPU
		{B1BB8C04-504D-46E3-BAF3-F0FC2A897E42}.Debug|x86.ActiveCfg = Debug|Any CPU
		{B1BB8C04-504D-46E3-BAF3-F0FC2A897E42}.Release|Any CPU.ActiveCfg = Release|Any CPU
		{B1BB8C04-504D-46E3-BAF3-F0FC2A897E42}.Release|Any CPU.Build.0 = Release|Any CPU
		{B1BB8C04-504D-46E3-BAF3-F0FC2A897E42}.Release|Mixed Platforms.ActiveCfg = Release|Any CPU
		{B1BB8C04-504D-46E3-BAF3-F0FC2A897E42}.Release|Mixed Platforms.Build.0 = Release|Any CPU
		{B1BB8C04-504D-46E3-BAF3-F0FC2A897E42}.Release|x86.ActiveCfg = Release|Any CPU
		{FB8CBF53-F665-4E7F-8B20-0A5B79DB3D57}.Debug|Any CPU.ActiveCfg = Debug|Any CPU
		{FB8CBF53-F665-4E7F-8B20-0A5B79DB3D57}.Debug|Any CPU.Build.0 = Debug|Any CPU
		{FB8CBF53-F665-4E7F-8B20-0A5B79DB3D57}.Debug|Mixed Platforms.ActiveCfg = Debug|Any CPU
		{FB8CBF53-F665-4E7F-8B20-0A5B79DB3D57}.Debug|Mixed Platforms.Build.0 = Debug|Any CPU
		{FB8CBF53-F665-4E7F-8B20-0A5B79DB3D57}.Debug|x86.ActiveCfg = Debug|Any CPU
		{FB8CBF53-F665-4E7F-8B20-0A5B79DB3D57}.Release|Any CPU.ActiveCfg = Release|Any CPU
		{FB8CBF53-F665-4E7F-8B20-0A5B79DB3D57}.Release|Any CPU.Build.0 = Release|Any CPU
		{FB8CBF53-F665-4E7F-8B20-0A5B79DB3D57}.Release|Mixed Platforms.ActiveCfg = Release|Any CPU
		{FB8CBF53-F665-4E7F-8B20-0A5B79DB3D57}.Release|Mixed Platforms.Build.0 = Release|Any CPU
		{FB8CBF53-F665-4E7F-8B20-0A5B79DB3D57}.Release|x86.ActiveCfg = Release|Any CPU
		{F610CB12-4C2D-4F81-A001-F8C06F9B1EF7}.Debug|Any CPU.ActiveCfg = Debug|Any CPU
		{F610CB12-4C2D-4F81-A001-F8C06F9B1EF7}.Debug|Any CPU.Build.0 = Debug|Any CPU
		{F610CB12-4C2D-4F81-A001-F8C06F9B1EF7}.Debug|Mixed Platforms.ActiveCfg = Debug|Any CPU
		{F610CB12-4C2D-4F81-A001-F8C06F9B1EF7}.Debug|Mixed Platforms.Build.0 = Debug|Any CPU
		{F610CB12-4C2D-4F81-A001-F8C06F9B1EF7}.Debug|x86.ActiveCfg = Debug|Any CPU
		{F610CB12-4C2D-4F81-A001-F8C06F9B1EF7}.Release|Any CPU.ActiveCfg = Release|Any CPU
		{F610CB12-4C2D-4F81-A001-F8C06F9B1EF7}.Release|Any CPU.Build.0 = Release|Any CPU
		{F610CB12-4C2D-4F81-A001-F8C06F9B1EF7}.Release|Mixed Platforms.ActiveCfg = Release|Any CPU
		{F610CB12-4C2D-4F81-A001-F8C06F9B1EF7}.Release|Mixed Platforms.Build.0 = Release|Any CPU
		{F610CB12-4C2D-4F81-A001-F8C06F9B1EF7}.Release|x86.ActiveCfg = Release|Any CPU
		{AD0EB6D3-A5F5-4314-91EF-329BBBB77D48}.Debug|Any CPU.ActiveCfg = Debug|Any CPU
		{AD0EB6D3-A5F5-4314-91EF-329BBBB77D48}.Debug|Any CPU.Build.0 = Debug|Any CPU
		{AD0EB6D3-A5F5-4314-91EF-329BBBB77D48}.Debug|Mixed Platforms.ActiveCfg = Debug|Any CPU
		{AD0EB6D3-A5F5-4314-91EF-329BBBB77D48}.Debug|Mixed Platforms.Build.0 = Debug|Any CPU
		{AD0EB6D3-A5F5-4314-91EF-329BBBB77D48}.Debug|x86.ActiveCfg = Debug|Any CPU
		{AD0EB6D3-A5F5-4314-91EF-329BBBB77D48}.Release|Any CPU.ActiveCfg = Release|Any CPU
		{AD0EB6D3-A5F5-4314-91EF-329BBBB77D48}.Release|Any CPU.Build.0 = Release|Any CPU
		{AD0EB6D3-A5F5-4314-91EF-329BBBB77D48}.Release|Mixed Platforms.ActiveCfg = Release|Any CPU
		{AD0EB6D3-A5F5-4314-91EF-329BBBB77D48}.Release|Mixed Platforms.Build.0 = Release|Any CPU
		{AD0EB6D3-A5F5-4314-91EF-329BBBB77D48}.Release|x86.ActiveCfg = Release|Any CPU
		{600FE8F2-B935-4C55-B2B4-FF645E4A89ED}.Debug|Any CPU.ActiveCfg = Debug|Any CPU
		{600FE8F2-B935-4C55-B2B4-FF645E4A89ED}.Debug|Any CPU.Build.0 = Debug|Any CPU
		{600FE8F2-B935-4C55-B2B4-FF645E4A89ED}.Debug|Mixed Platforms.ActiveCfg = Debug|Any CPU
		{600FE8F2-B935-4C55-B2B4-FF645E4A89ED}.Debug|Mixed Platforms.Build.0 = Debug|Any CPU
		{600FE8F2-B935-4C55-B2B4-FF645E4A89ED}.Debug|x86.ActiveCfg = Debug|Any CPU
		{600FE8F2-B935-4C55-B2B4-FF645E4A89ED}.Release|Any CPU.ActiveCfg = Release|Any CPU
		{600FE8F2-B935-4C55-B2B4-FF645E4A89ED}.Release|Any CPU.Build.0 = Release|Any CPU
		{600FE8F2-B935-4C55-B2B4-FF645E4A89ED}.Release|Mixed Platforms.ActiveCfg = Release|Any CPU
		{600FE8F2-B935-4C55-B2B4-FF645E4A89ED}.Release|Mixed Platforms.Build.0 = Release|Any CPU
		{600FE8F2-B935-4C55-B2B4-FF645E4A89ED}.Release|x86.ActiveCfg = Release|Any CPU
		{7DDD6261-F10E-44B8-A531-A6A0F9405BDB}.Debug|Any CPU.ActiveCfg = Debug|Any CPU
		{7DDD6261-F10E-44B8-A531-A6A0F9405BDB}.Debug|Any CPU.Build.0 = Debug|Any CPU
		{7DDD6261-F10E-44B8-A531-A6A0F9405BDB}.Debug|Mixed Platforms.ActiveCfg = Debug|Any CPU
		{7DDD6261-F10E-44B8-A531-A6A0F9405BDB}.Debug|Mixed Platforms.Build.0 = Debug|Any CPU
		{7DDD6261-F10E-44B8-A531-A6A0F9405BDB}.Debug|x86.ActiveCfg = Debug|Any CPU
		{7DDD6261-F10E-44B8-A531-A6A0F9405BDB}.Release|Any CPU.ActiveCfg = Release|Any CPU
		{7DDD6261-F10E-44B8-A531-A6A0F9405BDB}.Release|Any CPU.Build.0 = Release|Any CPU
		{7DDD6261-F10E-44B8-A531-A6A0F9405BDB}.Release|Mixed Platforms.ActiveCfg = Release|Any CPU
		{7DDD6261-F10E-44B8-A531-A6A0F9405BDB}.Release|Mixed Platforms.Build.0 = Release|Any CPU
		{7DDD6261-F10E-44B8-A531-A6A0F9405BDB}.Release|x86.ActiveCfg = Release|Any CPU
		{146D2764-22D4-4E7F-BE0D-5D127B97A216}.Debug|Any CPU.ActiveCfg = Debug|Any CPU
		{146D2764-22D4-4E7F-BE0D-5D127B97A216}.Debug|Any CPU.Build.0 = Debug|Any CPU
		{146D2764-22D4-4E7F-BE0D-5D127B97A216}.Debug|Mixed Platforms.ActiveCfg = Debug|Any CPU
		{146D2764-22D4-4E7F-BE0D-5D127B97A216}.Debug|Mixed Platforms.Build.0 = Debug|Any CPU
		{146D2764-22D4-4E7F-BE0D-5D127B97A216}.Debug|x86.ActiveCfg = Debug|Any CPU
		{146D2764-22D4-4E7F-BE0D-5D127B97A216}.Release|Any CPU.ActiveCfg = Release|Any CPU
		{146D2764-22D4-4E7F-BE0D-5D127B97A216}.Release|Any CPU.Build.0 = Release|Any CPU
		{146D2764-22D4-4E7F-BE0D-5D127B97A216}.Release|Mixed Platforms.ActiveCfg = Release|Any CPU
		{146D2764-22D4-4E7F-BE0D-5D127B97A216}.Release|Mixed Platforms.Build.0 = Release|Any CPU
		{146D2764-22D4-4E7F-BE0D-5D127B97A216}.Release|x86.ActiveCfg = Release|Any CPU
		{803F46AA-A8DA-4F5B-BFEA-6484C2CF8F46}.Debug|Any CPU.ActiveCfg = Debug|Any CPU
		{803F46AA-A8DA-4F5B-BFEA-6484C2CF8F46}.Debug|Any CPU.Build.0 = Debug|Any CPU
		{803F46AA-A8DA-4F5B-BFEA-6484C2CF8F46}.Debug|Mixed Platforms.ActiveCfg = Debug|Any CPU
		{803F46AA-A8DA-4F5B-BFEA-6484C2CF8F46}.Debug|Mixed Platforms.Build.0 = Debug|Any CPU
		{803F46AA-A8DA-4F5B-BFEA-6484C2CF8F46}.Debug|x86.ActiveCfg = Debug|Any CPU
		{803F46AA-A8DA-4F5B-BFEA-6484C2CF8F46}.Release|Any CPU.ActiveCfg = Release|Any CPU
		{803F46AA-A8DA-4F5B-BFEA-6484C2CF8F46}.Release|Any CPU.Build.0 = Release|Any CPU
		{803F46AA-A8DA-4F5B-BFEA-6484C2CF8F46}.Release|Mixed Platforms.ActiveCfg = Release|Any CPU
		{803F46AA-A8DA-4F5B-BFEA-6484C2CF8F46}.Release|Mixed Platforms.Build.0 = Release|Any CPU
		{803F46AA-A8DA-4F5B-BFEA-6484C2CF8F46}.Release|x86.ActiveCfg = Release|Any CPU
		{69335BED-62DF-4122-9B7D-B371BD7D3309}.Debug|Any CPU.ActiveCfg = Debug|Any CPU
		{69335BED-62DF-4122-9B7D-B371BD7D3309}.Debug|Any CPU.Build.0 = Debug|Any CPU
		{69335BED-62DF-4122-9B7D-B371BD7D3309}.Debug|Mixed Platforms.ActiveCfg = Debug|Any CPU
		{69335BED-62DF-4122-9B7D-B371BD7D3309}.Debug|Mixed Platforms.Build.0 = Debug|Any CPU
		{69335BED-62DF-4122-9B7D-B371BD7D3309}.Debug|x86.ActiveCfg = Debug|Any CPU
		{69335BED-62DF-4122-9B7D-B371BD7D3309}.Release|Any CPU.ActiveCfg = Release|Any CPU
		{69335BED-62DF-4122-9B7D-B371BD7D3309}.Release|Any CPU.Build.0 = Release|Any CPU
		{69335BED-62DF-4122-9B7D-B371BD7D3309}.Release|Mixed Platforms.ActiveCfg = Release|Any CPU
		{69335BED-62DF-4122-9B7D-B371BD7D3309}.Release|Mixed Platforms.Build.0 = Release|Any CPU
		{69335BED-62DF-4122-9B7D-B371BD7D3309}.Release|x86.ActiveCfg = Release|Any CPU
		{0DC24539-6BA7-4D89-9241-49F50CAAEB5F}.Debug|Any CPU.ActiveCfg = Debug|Any CPU
		{0DC24539-6BA7-4D89-9241-49F50CAAEB5F}.Debug|Any CPU.Build.0 = Debug|Any CPU
		{0DC24539-6BA7-4D89-9241-49F50CAAEB5F}.Debug|Mixed Platforms.ActiveCfg = Debug|Any CPU
		{0DC24539-6BA7-4D89-9241-49F50CAAEB5F}.Debug|Mixed Platforms.Build.0 = Debug|Any CPU
		{0DC24539-6BA7-4D89-9241-49F50CAAEB5F}.Debug|x86.ActiveCfg = Debug|Any CPU
		{0DC24539-6BA7-4D89-9241-49F50CAAEB5F}.Release|Any CPU.ActiveCfg = Release|Any CPU
		{0DC24539-6BA7-4D89-9241-49F50CAAEB5F}.Release|Any CPU.Build.0 = Release|Any CPU
		{0DC24539-6BA7-4D89-9241-49F50CAAEB5F}.Release|Mixed Platforms.ActiveCfg = Release|Any CPU
		{0DC24539-6BA7-4D89-9241-49F50CAAEB5F}.Release|Mixed Platforms.Build.0 = Release|Any CPU
		{0DC24539-6BA7-4D89-9241-49F50CAAEB5F}.Release|x86.ActiveCfg = Release|Any CPU
		{AE130CB5-AD38-4D95-9658-E8E035C34CE3}.Debug|Any CPU.ActiveCfg = Debug|Any CPU
		{AE130CB5-AD38-4D95-9658-E8E035C34CE3}.Debug|Any CPU.Build.0 = Debug|Any CPU
		{AE130CB5-AD38-4D95-9658-E8E035C34CE3}.Debug|Mixed Platforms.ActiveCfg = Debug|Any CPU
		{AE130CB5-AD38-4D95-9658-E8E035C34CE3}.Debug|Mixed Platforms.Build.0 = Debug|Any CPU
		{AE130CB5-AD38-4D95-9658-E8E035C34CE3}.Debug|x86.ActiveCfg = Debug|Any CPU
		{AE130CB5-AD38-4D95-9658-E8E035C34CE3}.Release|Any CPU.ActiveCfg = Release|Any CPU
		{AE130CB5-AD38-4D95-9658-E8E035C34CE3}.Release|Any CPU.Build.0 = Release|Any CPU
		{AE130CB5-AD38-4D95-9658-E8E035C34CE3}.Release|Mixed Platforms.ActiveCfg = Release|Any CPU
		{AE130CB5-AD38-4D95-9658-E8E035C34CE3}.Release|Mixed Platforms.Build.0 = Release|Any CPU
		{AE130CB5-AD38-4D95-9658-E8E035C34CE3}.Release|x86.ActiveCfg = Release|Any CPU
		{086EBAEB-A0FC-46BE-AAEC-6253F289586F}.Debug|Any CPU.ActiveCfg = Debug|Any CPU
		{086EBAEB-A0FC-46BE-AAEC-6253F289586F}.Debug|Any CPU.Build.0 = Debug|Any CPU
		{086EBAEB-A0FC-46BE-AAEC-6253F289586F}.Debug|Mixed Platforms.ActiveCfg = Debug|Any CPU
		{086EBAEB-A0FC-46BE-AAEC-6253F289586F}.Debug|Mixed Platforms.Build.0 = Debug|Any CPU
		{086EBAEB-A0FC-46BE-AAEC-6253F289586F}.Debug|x86.ActiveCfg = Debug|Any CPU
		{086EBAEB-A0FC-46BE-AAEC-6253F289586F}.Release|Any CPU.ActiveCfg = Release|Any CPU
		{086EBAEB-A0FC-46BE-AAEC-6253F289586F}.Release|Any CPU.Build.0 = Release|Any CPU
		{086EBAEB-A0FC-46BE-AAEC-6253F289586F}.Release|Mixed Platforms.ActiveCfg = Release|Any CPU
		{086EBAEB-A0FC-46BE-AAEC-6253F289586F}.Release|Mixed Platforms.Build.0 = Release|Any CPU
		{086EBAEB-A0FC-46BE-AAEC-6253F289586F}.Release|x86.ActiveCfg = Release|Any CPU
		{7029BE14-85AA-4D70-B07C-7B9565F6BBF3}.Debug|Any CPU.ActiveCfg = Debug|Any CPU
		{7029BE14-85AA-4D70-B07C-7B9565F6BBF3}.Debug|Any CPU.Build.0 = Debug|Any CPU
		{7029BE14-85AA-4D70-B07C-7B9565F6BBF3}.Debug|Mixed Platforms.ActiveCfg = Debug|Any CPU
		{7029BE14-85AA-4D70-B07C-7B9565F6BBF3}.Debug|Mixed Platforms.Build.0 = Debug|Any CPU
		{7029BE14-85AA-4D70-B07C-7B9565F6BBF3}.Debug|x86.ActiveCfg = Debug|Any CPU
		{7029BE14-85AA-4D70-B07C-7B9565F6BBF3}.Release|Any CPU.ActiveCfg = Release|Any CPU
		{7029BE14-85AA-4D70-B07C-7B9565F6BBF3}.Release|Any CPU.Build.0 = Release|Any CPU
		{7029BE14-85AA-4D70-B07C-7B9565F6BBF3}.Release|Mixed Platforms.ActiveCfg = Release|Any CPU
		{7029BE14-85AA-4D70-B07C-7B9565F6BBF3}.Release|Mixed Platforms.Build.0 = Release|Any CPU
		{7029BE14-85AA-4D70-B07C-7B9565F6BBF3}.Release|x86.ActiveCfg = Release|Any CPU
		{6D7D5C8C-B0B6-4BC8-923D-28D1E6EA47D5}.Debug|Any CPU.ActiveCfg = Debug|Any CPU
		{6D7D5C8C-B0B6-4BC8-923D-28D1E6EA47D5}.Debug|Any CPU.Build.0 = Debug|Any CPU
		{6D7D5C8C-B0B6-4BC8-923D-28D1E6EA47D5}.Debug|Mixed Platforms.ActiveCfg = Debug|Any CPU
		{6D7D5C8C-B0B6-4BC8-923D-28D1E6EA47D5}.Debug|Mixed Platforms.Build.0 = Debug|Any CPU
		{6D7D5C8C-B0B6-4BC8-923D-28D1E6EA47D5}.Debug|x86.ActiveCfg = Debug|Any CPU
		{6D7D5C8C-B0B6-4BC8-923D-28D1E6EA47D5}.Release|Any CPU.ActiveCfg = Release|Any CPU
		{6D7D5C8C-B0B6-4BC8-923D-28D1E6EA47D5}.Release|Any CPU.Build.0 = Release|Any CPU
		{6D7D5C8C-B0B6-4BC8-923D-28D1E6EA47D5}.Release|Mixed Platforms.ActiveCfg = Release|Any CPU
		{6D7D5C8C-B0B6-4BC8-923D-28D1E6EA47D5}.Release|Mixed Platforms.Build.0 = Release|Any CPU
		{6D7D5C8C-B0B6-4BC8-923D-28D1E6EA47D5}.Release|x86.ActiveCfg = Release|Any CPU
		{85E95689-C2C8-4A9B-B249-FBAC38FEE3F7}.Debug|Any CPU.ActiveCfg = Debug|Any CPU
		{85E95689-C2C8-4A9B-B249-FBAC38FEE3F7}.Debug|Any CPU.Build.0 = Debug|Any CPU
		{85E95689-C2C8-4A9B-B249-FBAC38FEE3F7}.Debug|Mixed Platforms.ActiveCfg = Debug|Any CPU
		{85E95689-C2C8-4A9B-B249-FBAC38FEE3F7}.Debug|Mixed Platforms.Build.0 = Debug|Any CPU
		{85E95689-C2C8-4A9B-B249-FBAC38FEE3F7}.Debug|x86.ActiveCfg = Debug|Any CPU
		{85E95689-C2C8-4A9B-B249-FBAC38FEE3F7}.Release|Any CPU.ActiveCfg = Release|Any CPU
		{85E95689-C2C8-4A9B-B249-FBAC38FEE3F7}.Release|Any CPU.Build.0 = Release|Any CPU
		{85E95689-C2C8-4A9B-B249-FBAC38FEE3F7}.Release|Mixed Platforms.ActiveCfg = Release|Any CPU
		{85E95689-C2C8-4A9B-B249-FBAC38FEE3F7}.Release|Mixed Platforms.Build.0 = Release|Any CPU
		{85E95689-C2C8-4A9B-B249-FBAC38FEE3F7}.Release|x86.ActiveCfg = Release|Any CPU
		{A03910DD-7A94-46F4-ABC7-6C6A9B191569}.Debug|Any CPU.ActiveCfg = Debug|Any CPU
		{A03910DD-7A94-46F4-ABC7-6C6A9B191569}.Debug|Any CPU.Build.0 = Debug|Any CPU
		{A03910DD-7A94-46F4-ABC7-6C6A9B191569}.Debug|Mixed Platforms.ActiveCfg = Debug|Any CPU
		{A03910DD-7A94-46F4-ABC7-6C6A9B191569}.Debug|Mixed Platforms.Build.0 = Debug|Any CPU
		{A03910DD-7A94-46F4-ABC7-6C6A9B191569}.Debug|x86.ActiveCfg = Debug|Any CPU
		{A03910DD-7A94-46F4-ABC7-6C6A9B191569}.Release|Any CPU.ActiveCfg = Release|Any CPU
		{A03910DD-7A94-46F4-ABC7-6C6A9B191569}.Release|Any CPU.Build.0 = Release|Any CPU
		{A03910DD-7A94-46F4-ABC7-6C6A9B191569}.Release|Mixed Platforms.ActiveCfg = Release|Any CPU
		{A03910DD-7A94-46F4-ABC7-6C6A9B191569}.Release|Mixed Platforms.Build.0 = Release|Any CPU
		{A03910DD-7A94-46F4-ABC7-6C6A9B191569}.Release|x86.ActiveCfg = Release|Any CPU
		{25BF0328-869C-4154-8FEB-8B4D2A160FAD}.Debug|Any CPU.ActiveCfg = Debug|Any CPU
		{25BF0328-869C-4154-8FEB-8B4D2A160FAD}.Debug|Any CPU.Build.0 = Debug|Any CPU
		{25BF0328-869C-4154-8FEB-8B4D2A160FAD}.Debug|Mixed Platforms.ActiveCfg = Debug|Any CPU
		{25BF0328-869C-4154-8FEB-8B4D2A160FAD}.Debug|Mixed Platforms.Build.0 = Debug|Any CPU
		{25BF0328-869C-4154-8FEB-8B4D2A160FAD}.Debug|x86.ActiveCfg = Debug|Any CPU
		{25BF0328-869C-4154-8FEB-8B4D2A160FAD}.Release|Any CPU.ActiveCfg = Release|Any CPU
		{25BF0328-869C-4154-8FEB-8B4D2A160FAD}.Release|Any CPU.Build.0 = Release|Any CPU
		{25BF0328-869C-4154-8FEB-8B4D2A160FAD}.Release|Mixed Platforms.ActiveCfg = Release|Any CPU
		{25BF0328-869C-4154-8FEB-8B4D2A160FAD}.Release|Mixed Platforms.Build.0 = Release|Any CPU
		{25BF0328-869C-4154-8FEB-8B4D2A160FAD}.Release|x86.ActiveCfg = Release|Any CPU
		{77B6EE30-8BC0-4BBB-BE5D-8E1CACF9030A}.Debug|Any CPU.ActiveCfg = Debug|Any CPU
		{77B6EE30-8BC0-4BBB-BE5D-8E1CACF9030A}.Debug|Any CPU.Build.0 = Debug|Any CPU
		{77B6EE30-8BC0-4BBB-BE5D-8E1CACF9030A}.Debug|Mixed Platforms.ActiveCfg = Debug|Any CPU
		{77B6EE30-8BC0-4BBB-BE5D-8E1CACF9030A}.Debug|Mixed Platforms.Build.0 = Debug|Any CPU
		{77B6EE30-8BC0-4BBB-BE5D-8E1CACF9030A}.Debug|x86.ActiveCfg = Debug|Any CPU
		{77B6EE30-8BC0-4BBB-BE5D-8E1CACF9030A}.Release|Any CPU.ActiveCfg = Release|Any CPU
		{77B6EE30-8BC0-4BBB-BE5D-8E1CACF9030A}.Release|Any CPU.Build.0 = Release|Any CPU
		{77B6EE30-8BC0-4BBB-BE5D-8E1CACF9030A}.Release|Mixed Platforms.ActiveCfg = Release|Any CPU
		{77B6EE30-8BC0-4BBB-BE5D-8E1CACF9030A}.Release|Mixed Platforms.Build.0 = Release|Any CPU
		{77B6EE30-8BC0-4BBB-BE5D-8E1CACF9030A}.Release|x86.ActiveCfg = Release|Any CPU
		{8167E309-8899-4E98-BB2B-2BEBB64A5F45}.Debug|Any CPU.ActiveCfg = Debug|Any CPU
		{8167E309-8899-4E98-BB2B-2BEBB64A5F45}.Debug|Any CPU.Build.0 = Debug|Any CPU
		{8167E309-8899-4E98-BB2B-2BEBB64A5F45}.Debug|Mixed Platforms.ActiveCfg = Debug|Any CPU
		{8167E309-8899-4E98-BB2B-2BEBB64A5F45}.Debug|Mixed Platforms.Build.0 = Debug|Any CPU
		{8167E309-8899-4E98-BB2B-2BEBB64A5F45}.Debug|x86.ActiveCfg = Debug|Any CPU
		{8167E309-8899-4E98-BB2B-2BEBB64A5F45}.Release|Any CPU.ActiveCfg = Release|Any CPU
		{8167E309-8899-4E98-BB2B-2BEBB64A5F45}.Release|Any CPU.Build.0 = Release|Any CPU
		{8167E309-8899-4E98-BB2B-2BEBB64A5F45}.Release|Mixed Platforms.ActiveCfg = Release|Any CPU
		{8167E309-8899-4E98-BB2B-2BEBB64A5F45}.Release|Mixed Platforms.Build.0 = Release|Any CPU
		{8167E309-8899-4E98-BB2B-2BEBB64A5F45}.Release|x86.ActiveCfg = Release|Any CPU
		{064BD6E0-AAE1-4D49-8C31-8801A5FA34A2}.Debug|Any CPU.ActiveCfg = Debug|Any CPU
		{064BD6E0-AAE1-4D49-8C31-8801A5FA34A2}.Debug|Any CPU.Build.0 = Debug|Any CPU
		{064BD6E0-AAE1-4D49-8C31-8801A5FA34A2}.Debug|Mixed Platforms.ActiveCfg = Debug|Any CPU
		{064BD6E0-AAE1-4D49-8C31-8801A5FA34A2}.Debug|Mixed Platforms.Build.0 = Debug|Any CPU
		{064BD6E0-AAE1-4D49-8C31-8801A5FA34A2}.Debug|x86.ActiveCfg = Debug|Any CPU
		{064BD6E0-AAE1-4D49-8C31-8801A5FA34A2}.Release|Any CPU.ActiveCfg = Release|Any CPU
		{064BD6E0-AAE1-4D49-8C31-8801A5FA34A2}.Release|Any CPU.Build.0 = Release|Any CPU
		{064BD6E0-AAE1-4D49-8C31-8801A5FA34A2}.Release|Mixed Platforms.ActiveCfg = Release|Any CPU
		{064BD6E0-AAE1-4D49-8C31-8801A5FA34A2}.Release|Mixed Platforms.Build.0 = Release|Any CPU
		{064BD6E0-AAE1-4D49-8C31-8801A5FA34A2}.Release|x86.ActiveCfg = Release|Any CPU
		{0114F422-4870-4B01-A2A6-22E9B4297C9D}.Debug|Any CPU.ActiveCfg = Debug|x86
		{0114F422-4870-4B01-A2A6-22E9B4297C9D}.Debug|Mixed Platforms.ActiveCfg = Debug|x86
		{0114F422-4870-4B01-A2A6-22E9B4297C9D}.Debug|Mixed Platforms.Build.0 = Debug|x86
		{0114F422-4870-4B01-A2A6-22E9B4297C9D}.Debug|x86.ActiveCfg = Debug|x86
		{0114F422-4870-4B01-A2A6-22E9B4297C9D}.Debug|x86.Build.0 = Debug|x86
		{0114F422-4870-4B01-A2A6-22E9B4297C9D}.Release|Any CPU.ActiveCfg = Release|x86
		{0114F422-4870-4B01-A2A6-22E9B4297C9D}.Release|Mixed Platforms.ActiveCfg = Release|x86
		{0114F422-4870-4B01-A2A6-22E9B4297C9D}.Release|Mixed Platforms.Build.0 = Release|x86
		{0114F422-4870-4B01-A2A6-22E9B4297C9D}.Release|x86.ActiveCfg = Release|x86
		{0114F422-4870-4B01-A2A6-22E9B4297C9D}.Release|x86.Build.0 = Release|x86
		{1D117753-4EA3-4BAE-8C8C-0A18E5B7F454}.Debug|Any CPU.ActiveCfg = Debug|Any CPU
		{1D117753-4EA3-4BAE-8C8C-0A18E5B7F454}.Debug|Any CPU.Build.0 = Debug|Any CPU
		{1D117753-4EA3-4BAE-8C8C-0A18E5B7F454}.Debug|Mixed Platforms.ActiveCfg = Debug|Any CPU
		{1D117753-4EA3-4BAE-8C8C-0A18E5B7F454}.Debug|Mixed Platforms.Build.0 = Debug|Any CPU
		{1D117753-4EA3-4BAE-8C8C-0A18E5B7F454}.Debug|x86.ActiveCfg = Debug|Any CPU
		{1D117753-4EA3-4BAE-8C8C-0A18E5B7F454}.Release|Any CPU.ActiveCfg = Release|Any CPU
		{1D117753-4EA3-4BAE-8C8C-0A18E5B7F454}.Release|Any CPU.Build.0 = Release|Any CPU
		{1D117753-4EA3-4BAE-8C8C-0A18E5B7F454}.Release|Mixed Platforms.ActiveCfg = Release|Any CPU
		{1D117753-4EA3-4BAE-8C8C-0A18E5B7F454}.Release|Mixed Platforms.Build.0 = Release|Any CPU
		{1D117753-4EA3-4BAE-8C8C-0A18E5B7F454}.Release|x86.ActiveCfg = Release|Any CPU
	EndGlobalSection
	GlobalSection(SolutionProperties) = preSolution
		HideSolutionNode = FALSE
	EndGlobalSection
	GlobalSection(NestedProjects) = preSolution
		{42A1DFDA-85F5-46B1-A3AD-F58012BD4D34} = {31ADFBD3-294A-4371-9F52-5A8D25B16637}
		{CB9F3E73-1815-4223-8BDE-B952961F466F} = {31ADFBD3-294A-4371-9F52-5A8D25B16637}
		{37B39608-C049-4EFC-8014-1C92BD6A3BE5} = {CB9F3E73-1815-4223-8BDE-B952961F466F}
		{87A1CA31-3EFA-469D-BF0E-9D21AB3953D5} = {CB9F3E73-1815-4223-8BDE-B952961F466F}
		{F4F89BDA-BB03-457F-B247-28CE9EC21E6B} = {CB9F3E73-1815-4223-8BDE-B952961F466F}
		{2750859F-C5BB-4FC8-AF66-E60DB7E0C68D} = {31ADFBD3-294A-4371-9F52-5A8D25B16637}
		{EB695406-F52F-4A63-9E30-07D29D67F971} = {2750859F-C5BB-4FC8-AF66-E60DB7E0C68D}
		{44507C95-8A3C-4A26-8293-FE42DB1C0BA4} = {31ADFBD3-294A-4371-9F52-5A8D25B16637}
		{9A9A0ED8-BEBA-46E2-BA3D-40DEB83549C6} = {31ADFBD3-294A-4371-9F52-5A8D25B16637}
		{17F7E2F8-A4D7-4897-8EEF-2727D23B07CB} = {44507C95-8A3C-4A26-8293-FE42DB1C0BA4}
		{1A5BE7C9-184B-4517-A1AB-4685109125C1} = {9A9A0ED8-BEBA-46E2-BA3D-40DEB83549C6}
		{8A3364E8-AB4C-4857-AB3D-C11D4AE6CC1E} = {31ADFBD3-294A-4371-9F52-5A8D25B16637}
		{A87F8F31-4583-4A3F-8F25-168FD09A5356} = {8A3364E8-AB4C-4857-AB3D-C11D4AE6CC1E}
		{C7214148-48DE-4160-A338-916A0EE29152} = {31ADFBD3-294A-4371-9F52-5A8D25B16637}
		{662D6032-DF51-449A-9AFF-25F8A61DB4F4} = {31ADFBD3-294A-4371-9F52-5A8D25B16637}
		{69DB90CF-7BDB-4520-BEB3-294D57270A12} = {662D6032-DF51-449A-9AFF-25F8A61DB4F4}
		{D539FE82-82DD-4C9F-A04D-501B5B50B63B} = {C7214148-48DE-4160-A338-916A0EE29152}
		{5605B0A7-BAC8-4C94-9BB4-763045F777BD} = {31ADFBD3-294A-4371-9F52-5A8D25B16637}
		{575FDE88-7573-4C4E-850D-BA69C6905A3C} = {5605B0A7-BAC8-4C94-9BB4-763045F777BD}
		{BDA644FE-BF81-4ACC-821D-8BE09B1D2149} = {31ADFBD3-294A-4371-9F52-5A8D25B16637}
		{3EC6A527-2455-452C-8D0F-E1D206878D7E} = {BDA644FE-BF81-4ACC-821D-8BE09B1D2149}
		{98AC223C-A783-4D57-946F-1061AA860A59} = {31ADFBD3-294A-4371-9F52-5A8D25B16637}
		{115BFB29-AA26-4033-93AD-D65294F5A555} = {98AC223C-A783-4D57-946F-1061AA860A59}
		{A401B5D2-EB9E-4295-B765-A017C5FF3166} = {31ADFBD3-294A-4371-9F52-5A8D25B16637}
		{8E690221-EE8C-431B-9BAF-1AA64A422205} = {A401B5D2-EB9E-4295-B765-A017C5FF3166}
		{7755FC9E-BF60-4F42-AA3A-888E28932D8C} = {31ADFBD3-294A-4371-9F52-5A8D25B16637}
		{0F023965-B797-4278-8AC0-114434C995AC} = {7755FC9E-BF60-4F42-AA3A-888E28932D8C}
		{7107D410-2FC6-4652-BE37-27DF2659BB48} = {31ADFBD3-294A-4371-9F52-5A8D25B16637}
		{73A1E014-9C0D-42C2-862F-CEBEE304A236} = {7107D410-2FC6-4652-BE37-27DF2659BB48}
		{8851944E-57E7-4A0F-B585-3EE68B865D4A} = {31ADFBD3-294A-4371-9F52-5A8D25B16637}
		{22656A85-5F13-43E9-8A61-2AC57E610D26} = {8851944E-57E7-4A0F-B585-3EE68B865D4A}
		{4883C862-1BBA-488A-AA44-EB27198568E2} = {31ADFBD3-294A-4371-9F52-5A8D25B16637}
		{5C3FEA58-3A1E-453C-BA0B-1E0407555802} = {4883C862-1BBA-488A-AA44-EB27198568E2}
		{61DA3101-4982-4797-B316-AA0AF5E20DF4} = {31ADFBD3-294A-4371-9F52-5A8D25B16637}
		{EA91D646-6ADE-466A-82EF-27A8DBCF0152} = {61DA3101-4982-4797-B316-AA0AF5E20DF4}
		{26778C02-7EAB-4609-8B16-48A9F0E1E946} = {31ADFBD3-294A-4371-9F52-5A8D25B16637}
		{B103A06C-653E-42CC-BE63-68056A587082} = {26778C02-7EAB-4609-8B16-48A9F0E1E946}
		{8465C662-4045-48ED-84C8-5D21428D97EE} = {31ADFBD3-294A-4371-9F52-5A8D25B16637}
		{D669AAF3-B981-47A8-BF7C-4B1CA744EA73} = {8465C662-4045-48ED-84C8-5D21428D97EE}
		{A97DDFFB-A93B-4064-8AD5-8B2BD8BBCA13} = {31ADFBD3-294A-4371-9F52-5A8D25B16637}
		{F8BC5BC3-527D-4489-871F-48605DB469C3} = {31ADFBD3-294A-4371-9F52-5A8D25B16637}
		{9F2E4F30-40AE-43E1-85A1-63072F3FC412} = {F8BC5BC3-527D-4489-871F-48605DB469C3}
		{73D8FD55-20B1-4CA3-B5E7-C942619F98F2} = {31ADFBD3-294A-4371-9F52-5A8D25B16637}
		{3220BFE1-AADB-4C67-A740-432408848831} = {73D8FD55-20B1-4CA3-B5E7-C942619F98F2}
		{30E8260F-1AEF-43E5-8AFC-B98C213CAF78} = {31ADFBD3-294A-4371-9F52-5A8D25B16637}
		{B1BB8C04-504D-46E3-BAF3-F0FC2A897E42} = {30E8260F-1AEF-43E5-8AFC-B98C213CAF78}
		{DF12CE3D-C952-4F34-BB3F-5B8703784F09} = {31ADFBD3-294A-4371-9F52-5A8D25B16637}
		{FB8CBF53-F665-4E7F-8B20-0A5B79DB3D57} = {DF12CE3D-C952-4F34-BB3F-5B8703784F09}
		{E0530349-72E1-4ACC-B857-0B28F7874B18} = {31ADFBD3-294A-4371-9F52-5A8D25B16637}
		{F610CB12-4C2D-4F81-A001-F8C06F9B1EF7} = {A97DDFFB-A93B-4064-8AD5-8B2BD8BBCA13}
		{AD0EB6D3-A5F5-4314-91EF-329BBBB77D48} = {E0530349-72E1-4ACC-B857-0B28F7874B18}
		{A6AE7013-768B-4F6C-AD45-016848DB80DB} = {31ADFBD3-294A-4371-9F52-5A8D25B16637}
		{600FE8F2-B935-4C55-B2B4-FF645E4A89ED} = {A6AE7013-768B-4F6C-AD45-016848DB80DB}
		{03BAEBB8-A77D-4B2C-A63C-31A276344CE3} = {31ADFBD3-294A-4371-9F52-5A8D25B16637}
		{7DDD6261-F10E-44B8-A531-A6A0F9405BDB} = {03BAEBB8-A77D-4B2C-A63C-31A276344CE3}
		{A824A3D9-11E7-4108-8787-C6F3F7120A96} = {31ADFBD3-294A-4371-9F52-5A8D25B16637}
		{146D2764-22D4-4E7F-BE0D-5D127B97A216} = {A824A3D9-11E7-4108-8787-C6F3F7120A96}
		{36E7A8AC-9760-47F4-9C06-171D918F59AB} = {31ADFBD3-294A-4371-9F52-5A8D25B16637}
		{803F46AA-A8DA-4F5B-BFEA-6484C2CF8F46} = {36E7A8AC-9760-47F4-9C06-171D918F59AB}
		{80F7E332-5E57-4E17-91D2-BB05FF734112} = {31ADFBD3-294A-4371-9F52-5A8D25B16637}
		{69335BED-62DF-4122-9B7D-B371BD7D3309} = {80F7E332-5E57-4E17-91D2-BB05FF734112}
		{0D6BC857-8F48-4BB6-9D15-79F3717806A2} = {31ADFBD3-294A-4371-9F52-5A8D25B16637}
		{5C77A671-4052-44D0-B5B9-7801D74EB505} = {31ADFBD3-294A-4371-9F52-5A8D25B16637}
		{0DC24539-6BA7-4D89-9241-49F50CAAEB5F} = {5C77A671-4052-44D0-B5B9-7801D74EB505}
		{AE130CB5-AD38-4D95-9658-E8E035C34CE3} = {0D6BC857-8F48-4BB6-9D15-79F3717806A2}
		{AB8F8F18-7345-4F66-ADDA-4C9197460803} = {31ADFBD3-294A-4371-9F52-5A8D25B16637}
		{086EBAEB-A0FC-46BE-AAEC-6253F289586F} = {AB8F8F18-7345-4F66-ADDA-4C9197460803}
		{E411DBE7-B14A-4683-B8BD-6B68ACEC64D9} = {31ADFBD3-294A-4371-9F52-5A8D25B16637}
		{7029BE14-85AA-4D70-B07C-7B9565F6BBF3} = {E411DBE7-B14A-4683-B8BD-6B68ACEC64D9}
		{A7F557BC-4711-46A5-9DD0-3CB600080F67} = {31ADFBD3-294A-4371-9F52-5A8D25B16637}
		{6D7D5C8C-B0B6-4BC8-923D-28D1E6EA47D5} = {A7F557BC-4711-46A5-9DD0-3CB600080F67}
		{49C5056E-6EDC-418C-930F-3289570AD979} = {31ADFBD3-294A-4371-9F52-5A8D25B16637}
		{85E95689-C2C8-4A9B-B249-FBAC38FEE3F7} = {49C5056E-6EDC-418C-930F-3289570AD979}
		{B50C1D7D-FE65-4EE8-A53E-E29BD0CBFB09} = {31ADFBD3-294A-4371-9F52-5A8D25B16637}
		{A03910DD-7A94-46F4-ABC7-6C6A9B191569} = {B50C1D7D-FE65-4EE8-A53E-E29BD0CBFB09}
		{F5465A86-A38C-4426-8B74-57BF0D5092CF} = {31ADFBD3-294A-4371-9F52-5A8D25B16637}
		{25BF0328-869C-4154-8FEB-8B4D2A160FAD} = {F5465A86-A38C-4426-8B74-57BF0D5092CF}
		{EF092F7B-19E4-4F4F-9947-26FFD59D5A63} = {31ADFBD3-294A-4371-9F52-5A8D25B16637}
		{77B6EE30-8BC0-4BBB-BE5D-8E1CACF9030A} = {EF092F7B-19E4-4F4F-9947-26FFD59D5A63}
		{22F3F980-9062-401D-A651-C8D25BF6E6B8} = {31ADFBD3-294A-4371-9F52-5A8D25B16637}
		{8167E309-8899-4E98-BB2B-2BEBB64A5F45} = {22F3F980-9062-401D-A651-C8D25BF6E6B8}
		{B4440F3C-5F15-44DC-BC50-5D6A9D3057B7} = {31ADFBD3-294A-4371-9F52-5A8D25B16637}
		{064BD6E0-AAE1-4D49-8C31-8801A5FA34A2} = {B4440F3C-5F15-44DC-BC50-5D6A9D3057B7}
	EndGlobalSection
EndGlobal
